{
  "name": "nlp",
  "version": "1.0.0",
  "lockfileVersion": 1,
  "requires": true,
  "dependencies": {
    "@microsoft/recognizers-text": {
      "version": "1.3.0",
      "resolved": "https://registry.npmjs.org/@microsoft/recognizers-text/-/recognizers-text-1.3.0.tgz",
      "integrity": "sha512-0gUhtS/0qSF6veB3Olu55IuJ0Skwg4u1IbJX9KFj1QeK8z6cw69/p637IPD2NgXLlXCy2HEqLvUW/mgbDp3rWg=="
    },
    "@microsoft/recognizers-text-choice": {
      "version": "1.3.0",
      "resolved": "https://registry.npmjs.org/@microsoft/recognizers-text-choice/-/recognizers-text-choice-1.3.0.tgz",
      "integrity": "sha512-I2LQAJJ9TJthJYWZNzooJD6+5KUkr+H+m54XpjY+vKjR81DPVFUL/SWZVyv+cC7eePFwrDv3gUnkXYS+Lp0hmA==",
      "requires": {
        "@microsoft/recognizers-text": "~1.3.0",
        "grapheme-splitter": "^1.0.2"
      }
    },
    "@microsoft/recognizers-text-data-types-timex-expression": {
      "version": "1.3.0",
      "resolved": "https://registry.npmjs.org/@microsoft/recognizers-text-data-types-timex-expression/-/recognizers-text-data-types-timex-expression-1.3.0.tgz",
      "integrity": "sha512-REHUXmMUI1jL3b9v+aSdzKxLxRdejsfg9McYRxY3LW0Gu4UbwD7Q+K6mtSo40cwg8uh6fiV9GY8hDuKXHH6dVA=="
    },
    "@microsoft/recognizers-text-date-time": {
      "version": "1.3.0",
      "resolved": "https://registry.npmjs.org/@microsoft/recognizers-text-date-time/-/recognizers-text-date-time-1.3.0.tgz",
      "integrity": "sha512-bgw4TS726maTg53M6SQRHQOzOH0za0zmBWnnGo0wQdbDfK+bgq5aeDSD4k/HhXvfkOD6zzRd3+tG3Dqyp/kFaQ==",
      "requires": {
        "@microsoft/recognizers-text": "~1.3.0",
        "@microsoft/recognizers-text-number": "~1.3.0",
        "@microsoft/recognizers-text-number-with-unit": "~1.3.0",
        "lodash.isequal": "^4.5.0",
        "lodash.tonumber": "^4.0.3"
      }
    },
    "@microsoft/recognizers-text-number": {
      "version": "1.3.0",
      "resolved": "https://registry.npmjs.org/@microsoft/recognizers-text-number/-/recognizers-text-number-1.3.0.tgz",
      "integrity": "sha512-KVFxvaXW9E7UkuF0EYCghvCn0u+N5L7bBXeP4IKB6fXkQd6GAZ9zNA2Acdm9lJzCRxcsBYFbRLcRMrPHwAa32w==",
      "requires": {
        "@microsoft/recognizers-text": "~1.3.0",
        "bignumber.js": "^7.2.1",
        "lodash.escaperegexp": "^4.1.2",
        "lodash.sortby": "^4.7.0",
        "lodash.trimend": "^4.5.1"
      }
    },
    "@microsoft/recognizers-text-number-with-unit": {
      "version": "1.3.0",
      "resolved": "https://registry.npmjs.org/@microsoft/recognizers-text-number-with-unit/-/recognizers-text-number-with-unit-1.3.0.tgz",
      "integrity": "sha512-FxBD1ZQLvr4c+ssVyqUjblg+i21GbzIsDEHd5VWon5wg+2qrqixlmP1mXsXG+iGRV3qqeZCtTFdqkwJ3MWhovA==",
      "requires": {
        "@microsoft/recognizers-text": "~1.3.0",
        "@microsoft/recognizers-text-number": "~1.3.0",
        "lodash.escaperegexp": "^4.1.2",
        "lodash.last": "^3.0.0",
        "lodash.max": "^4.0.1"
      }
    },
    "@microsoft/recognizers-text-sequence": {
      "version": "1.3.0",
      "resolved": "https://registry.npmjs.org/@microsoft/recognizers-text-sequence/-/recognizers-text-sequence-1.3.0.tgz",
      "integrity": "sha512-LXZ9AakClrdPVfEphCJFETjw6n8w/LwW1Yoj9ZKcGI9PGvH6RR+haS4GSZuHeMhEacmaa3NkzD+I44qYIvym8Q==",
      "requires": {
        "@microsoft/recognizers-text": "~1.3.0",
        "grapheme-splitter": "^1.0.2"
      }
    },
    "@microsoft/recognizers-text-suite": {
      "version": "1.3.0",
      "resolved": "https://registry.npmjs.org/@microsoft/recognizers-text-suite/-/recognizers-text-suite-1.3.0.tgz",
      "integrity": "sha512-uqG4vzy5N2CmBaeINny0bLdnGp0jDbT1moNoLC+Yim3G8kHOU9lpDfwA6VN6HTYaDM5854SNMEzLjJdS1TPFTw==",
      "requires": {
        "@microsoft/recognizers-text": "~1.3.0",
        "@microsoft/recognizers-text-choice": "~1.3.0",
        "@microsoft/recognizers-text-data-types-timex-expression": "~1.3.0",
        "@microsoft/recognizers-text-date-time": "~1.3.0",
        "@microsoft/recognizers-text-number": "~1.3.0",
        "@microsoft/recognizers-text-number-with-unit": "~1.3.0",
        "@microsoft/recognizers-text-sequence": "~1.3.0"
      }
    },
    "@nlpjs/builtin-duckling": {
      "version": "4.21.1",
      "resolved": "https://registry.npmjs.org/@nlpjs/builtin-duckling/-/builtin-duckling-4.21.1.tgz",
      "integrity": "sha512-Imgz0PkRTWZXgh3a2O4m6xDmpVbNaUxVEN4qCZRVZd+d5ZKUx1N4m+QdT1XOPnhzeMrW1ILcY0OUj2WEDs3dnw==",
      "requires": {
        "@nlpjs/core": "^4.21.1"
      }
    },
    "@nlpjs/builtin-microsoft": {
      "version": "4.21.1",
      "resolved": "https://registry.npmjs.org/@nlpjs/builtin-microsoft/-/builtin-microsoft-4.21.1.tgz",
      "integrity": "sha512-3kVbdLdgtMOM1yTf6RVdVZ1+s5IcdVjfjjDH/TGE3dSdpj23QiJjXWj34eFf/rV6n5pe3ADjHXYhoP3dHDqBIQ==",
      "requires": {
        "@microsoft/recognizers-text-suite": "1.3.0",
        "@nlpjs/core": "^4.21.1"
      }
    },
    "@nlpjs/core": {
      "version": "4.21.1",
      "resolved": "https://registry.npmjs.org/@nlpjs/core/-/core-4.21.1.tgz",
      "integrity": "sha512-6QdnCCQmEDUH9vRFQivzdMUiL7oGJ1g2jKt9CWM8xO7Bv7AoCX+4CF9pp0ua2HsLCyeymTdK10IhspSaQ//tGA=="
    },
    "@nlpjs/core-loader": {
      "version": "4.21.2",
      "resolved": "https://registry.npmjs.org/@nlpjs/core-loader/-/core-loader-4.21.2.tgz",
      "integrity": "sha512-R1T62CRA+Z8+Fx0ThilfwQHfi4S3d4FRL3lO6lRd1XDJJf3z0SGKY4GwSdm8UGUDNUytzDDfKBt6M8CchIsiAg==",
      "requires": {
        "@nlpjs/core": "^4.21.1",
        "@nlpjs/request": "^4.21.1"
      }
    },
    "@nlpjs/emoji": {
      "version": "4.21.1",
      "resolved": "https://registry.npmjs.org/@nlpjs/emoji/-/emoji-4.21.1.tgz",
      "integrity": "sha512-vGAnoggi5ewAt1eXO8PYAdWlcVwM/80oscBazeLtiGdUlcmpyaJss/h+rfi73ipGvXB5/TS2Q3VYhEgIYVOaRQ==",
      "requires": {
        "@nlpjs/core": "^4.21.1"
      }
    },
    "@nlpjs/evaluator": {
      "version": "4.21.1",
      "resolved": "https://registry.npmjs.org/@nlpjs/evaluator/-/evaluator-4.21.1.tgz",
      "integrity": "sha512-v/uv4lljBhmoLBCJGJ0IXh3tuYjdrQQoZLh0oSwO8FbVs4ugfSfkrLwpQUMXN9fhdozPPoCg9Dir6n5xQDBsAQ==",
      "requires": {
        "escodegen": "^2.0.0",
        "esprima": "^4.0.1"
      }
    },
    "@nlpjs/lang-all": {
      "version": "4.21.1",
      "resolved": "https://registry.npmjs.org/@nlpjs/lang-all/-/lang-all-4.21.1.tgz",
      "integrity": "sha512-VwXamD73hs004HBziOFBgBlwlrKshZkXqwRRhrs5FoSlMten+t4WVGh3QEXS0IG1FldZ40OcSMa1xguI960q0Q==",
      "requires": {
        "@nlpjs/core": "^4.21.1",
        "@nlpjs/lang-ar": "^4.21.1",
        "@nlpjs/lang-bn": "^4.21.1",
        "@nlpjs/lang-ca": "^4.21.1",
        "@nlpjs/lang-cs": "^4.21.1",
        "@nlpjs/lang-da": "^4.21.1",
        "@nlpjs/lang-de": "^4.21.1",
        "@nlpjs/lang-el": "^4.21.1",
        "@nlpjs/lang-en": "^4.21.1",
        "@nlpjs/lang-es": "^4.21.1",
        "@nlpjs/lang-eu": "^4.21.1",
        "@nlpjs/lang-fa": "^4.21.1",
        "@nlpjs/lang-fi": "^4.21.1",
        "@nlpjs/lang-fr": "^4.21.1",
        "@nlpjs/lang-ga": "^4.21.1",
        "@nlpjs/lang-gl": "^4.21.1",
        "@nlpjs/lang-hi": "^4.21.1",
        "@nlpjs/lang-hu": "^4.21.1",
        "@nlpjs/lang-hy": "^4.21.1",
        "@nlpjs/lang-id": "^4.21.1",
        "@nlpjs/lang-it": "^4.21.1",
        "@nlpjs/lang-ja": "^4.21.1",
        "@nlpjs/lang-ko": "^4.21.1",
        "@nlpjs/lang-lt": "^4.21.1",
        "@nlpjs/lang-ms": "^4.21.1",
        "@nlpjs/lang-ne": "^4.21.1",
        "@nlpjs/lang-nl": "^4.21.1",
        "@nlpjs/lang-no": "^4.21.1",
        "@nlpjs/lang-pl": "^4.21.1",
        "@nlpjs/lang-pt": "^4.21.1",
        "@nlpjs/lang-ro": "^4.21.1",
        "@nlpjs/lang-ru": "^4.21.1",
        "@nlpjs/lang-sl": "^4.21.1",
        "@nlpjs/lang-sr": "^4.21.1",
        "@nlpjs/lang-sv": "^4.21.1",
        "@nlpjs/lang-ta": "^4.21.1",
        "@nlpjs/lang-th": "^4.21.1",
        "@nlpjs/lang-tl": "^4.21.1",
        "@nlpjs/lang-tr": "^4.21.1",
        "@nlpjs/lang-uk": "^4.21.1",
        "@nlpjs/lang-zh": "^4.21.1"
      }
    },
    "@nlpjs/lang-ar": {
      "version": "4.21.1",
      "resolved": "https://registry.npmjs.org/@nlpjs/lang-ar/-/lang-ar-4.21.1.tgz",
      "integrity": "sha512-bO86Ue55rkgAHQMJMPuKzxDknjeHS4CywQXAjals6gYZWltVXCHX/T1RQAByuDOmxmgZTqqC1r+O2rC2WdNotQ==",
      "requires": {
        "@nlpjs/core": "^4.21.1"
      }
    },
    "@nlpjs/lang-bn": {
      "version": "4.21.1",
      "resolved": "https://registry.npmjs.org/@nlpjs/lang-bn/-/lang-bn-4.21.1.tgz",
      "integrity": "sha512-BgtwWAeydVBwKuFbwbtJsPvvcvL0zE3dxnT0W+f0uKc9a/0+DEl6YA0OGFw7ugeJHWH/olea3CgClbnMrT3Q0g==",
      "requires": {
        "@nlpjs/core": "^4.21.1"
      }
    },
    "@nlpjs/lang-ca": {
      "version": "4.21.1",
      "resolved": "https://registry.npmjs.org/@nlpjs/lang-ca/-/lang-ca-4.21.1.tgz",
      "integrity": "sha512-ha1n0ybrhrg8Hjf04uOevV8EGrBvHO/ecUeSsZRNrpfktNWCfq0HhfbbbkXYFK8mDnNJJL5FFujiZYuU7a1aQA==",
      "requires": {
        "@nlpjs/core": "^4.21.1"
      }
    },
    "@nlpjs/lang-cs": {
      "version": "4.21.1",
      "resolved": "https://registry.npmjs.org/@nlpjs/lang-cs/-/lang-cs-4.21.1.tgz",
      "integrity": "sha512-iUIVSyKYysL9Ej/Cni9vFyJ21FxvnSkNtO0FGMViz/fnmEYiM85UKdSubKv22HmEcz1O+bnYUX48W4gOCWCWTw==",
      "requires": {
        "@nlpjs/core": "^4.21.1"
      }
    },
    "@nlpjs/lang-da": {
      "version": "4.21.1",
      "resolved": "https://registry.npmjs.org/@nlpjs/lang-da/-/lang-da-4.21.1.tgz",
      "integrity": "sha512-5Fhzs3SeDK4vuM4ZRyWWFaYdStFRSUGkSTUt6pdJGtKuOgCOvXN7JW8P+y/4G0kx8cgPvDS37OAcrYAxKMot5Q==",
      "requires": {
        "@nlpjs/core": "^4.21.1"
      }
    },
    "@nlpjs/lang-de": {
      "version": "4.21.1",
      "resolved": "https://registry.npmjs.org/@nlpjs/lang-de/-/lang-de-4.21.1.tgz",
      "integrity": "sha512-BepBK7wFBiz5vLZWRPdGd0itTpNiRlbYLrp46z/XPqMM7mZI5qljHSEmj3TT78aiWcKeCA4YWBbX4lGcZXBl3w==",
      "requires": {
        "@nlpjs/core": "^4.21.1"
      }
    },
    "@nlpjs/lang-el": {
      "version": "4.21.1",
      "resolved": "https://registry.npmjs.org/@nlpjs/lang-el/-/lang-el-4.21.1.tgz",
      "integrity": "sha512-Z9NV2DrXjDXrclweArKDWjEC4qB04z92Cbaghzl90VDo1fkce1qr5Re5QsDmsyUpUFwdC9aIpjvZvLDTBMosog==",
      "requires": {
        "@nlpjs/core": "^4.21.1"
      }
    },
    "@nlpjs/lang-en": {
      "version": "4.21.1",
      "resolved": "https://registry.npmjs.org/@nlpjs/lang-en/-/lang-en-4.21.1.tgz",
      "integrity": "sha512-OWrZiPb1enf4eW887KA0jWAdE2ue77D+dUi7xbc7wdKHQJSusMCRtXy1OdhsGlqlgP5LMq7F1YCXfnMXVNhWuw==",
      "requires": {
        "@nlpjs/core": "^4.21.1",
        "@nlpjs/lang-en-min": "^4.21.1"
      }
    },
    "@nlpjs/lang-en-min": {
      "version": "4.21.1",
      "resolved": "https://registry.npmjs.org/@nlpjs/lang-en-min/-/lang-en-min-4.21.1.tgz",
      "integrity": "sha512-FZbtZ9qMjdM6Vxsl7FwRP29DjqWtOK5nDkUShnn1fr/g6Tuq+Mgymh9YC+6lLlyqFn1cUbc5iWslj3HYXdo8Ww==",
      "requires": {
        "@nlpjs/core": "^4.21.1"
      }
    },
    "@nlpjs/lang-es": {
      "version": "4.21.1",
      "resolved": "https://registry.npmjs.org/@nlpjs/lang-es/-/lang-es-4.21.1.tgz",
      "integrity": "sha512-r3gChFSwSMm0R3Td31Kl4w6xdCejSh6K75MXnWgK5hlrRR5Fm+zrk/dXlR7yKRZOZ53g1Iuaw68kxcKLACpSOQ==",
      "requires": {
        "@nlpjs/core": "^4.21.1"
      }
    },
    "@nlpjs/lang-eu": {
      "version": "4.21.1",
      "resolved": "https://registry.npmjs.org/@nlpjs/lang-eu/-/lang-eu-4.21.1.tgz",
      "integrity": "sha512-WEZLFYeOVZlLxV/pEmsW3shjqDusk0EJhTbLHHWzsE0J4L2NfMG54gY4/Hka/Iexd1rbXRfmYVlaCgTysBDycw==",
      "requires": {
        "@nlpjs/core": "^4.21.1"
      }
    },
    "@nlpjs/lang-fa": {
      "version": "4.21.1",
      "resolved": "https://registry.npmjs.org/@nlpjs/lang-fa/-/lang-fa-4.21.1.tgz",
      "integrity": "sha512-K2a7f+BlNpyMU8zBzgMId3GLs2ayjuyBhme0Z/hmPBXShqfS3brM/tHTvjDDDdalcQjrBu5DGhBipA0uxJFyKA==",
      "requires": {
        "@nlpjs/core": "^4.21.1"
      }
    },
    "@nlpjs/lang-fi": {
      "version": "4.21.1",
      "resolved": "https://registry.npmjs.org/@nlpjs/lang-fi/-/lang-fi-4.21.1.tgz",
      "integrity": "sha512-tbqmiVK4C8OftKlJ6A0OcRSQjiOE3M/Tw8DPHzHFdaVY6+JEbuX6PV/UFLDbJlZMYINCr1I7mSiT2VR2ZWTTlQ==",
      "requires": {
        "@nlpjs/core": "^4.21.1"
      }
    },
    "@nlpjs/lang-fr": {
      "version": "4.21.1",
      "resolved": "https://registry.npmjs.org/@nlpjs/lang-fr/-/lang-fr-4.21.1.tgz",
      "integrity": "sha512-Sz3R/d04UWb3akcbLNdPOyYX+RQPzGwkgfLcfw13S4tmFR47KpFUzoCWTYB69+tPi3LtUfSugLtiZSH6KCcSKg==",
      "requires": {
        "@nlpjs/core": "^4.21.1"
      }
    },
    "@nlpjs/lang-ga": {
      "version": "4.21.1",
      "resolved": "https://registry.npmjs.org/@nlpjs/lang-ga/-/lang-ga-4.21.1.tgz",
      "integrity": "sha512-QI6SgLj32WtAKt7Rt3i+6H7F95toxraNwABE/HKWVVnW/ZeFuLsZxXlsCMnBNS2G/bYFT5prvDFztONxPm0FhQ==",
      "requires": {
        "@nlpjs/core": "^4.21.1"
      }
    },
    "@nlpjs/lang-gl": {
      "version": "4.21.1",
      "resolved": "https://registry.npmjs.org/@nlpjs/lang-gl/-/lang-gl-4.21.1.tgz",
      "integrity": "sha512-oK5wHFGegLB64mO6iIoQiPuKXb0OMSkQly2PERqUS3iz0aJu2BMeoalO6AG55Zxb+rJKw3XsX+l/FzzDwwNiUg==",
      "requires": {
        "@nlpjs/core": "^4.21.1"
      }
    },
    "@nlpjs/lang-hi": {
      "version": "4.21.1",
      "resolved": "https://registry.npmjs.org/@nlpjs/lang-hi/-/lang-hi-4.21.1.tgz",
      "integrity": "sha512-djHSP+sCe8ejg4MALmjHuyHYfjT8nIvtsVqwV8EeUFlWTVQXlCvuxTqu3wSfNWdtJVKqIsxP3QS5TJb9uc+v1Q==",
      "requires": {
        "@nlpjs/core": "^4.21.1"
      }
    },
    "@nlpjs/lang-hu": {
      "version": "4.21.1",
      "resolved": "https://registry.npmjs.org/@nlpjs/lang-hu/-/lang-hu-4.21.1.tgz",
      "integrity": "sha512-bp8F0By2VvzXe4vAVtmwCcwOkwZGOIIYUYCjOux8R/HN5EdBjoicQzlGrIsrl1dxjWhcj9XPvVDDynScipKFPg==",
      "requires": {
        "@nlpjs/core": "^4.21.1"
      }
    },
    "@nlpjs/lang-hy": {
      "version": "4.21.1",
      "resolved": "https://registry.npmjs.org/@nlpjs/lang-hy/-/lang-hy-4.21.1.tgz",
      "integrity": "sha512-vE/fBR2mwBJeRw5B8aZwmgA+I9QUxRI6mzYitkHxyIXCNkss3OLvF5HezB9ocTwOWLd7peJ6KuoXXZ1ZBlUy0w==",
      "requires": {
        "@nlpjs/core": "^4.21.1"
      }
    },
    "@nlpjs/lang-id": {
      "version": "4.21.1",
      "resolved": "https://registry.npmjs.org/@nlpjs/lang-id/-/lang-id-4.21.1.tgz",
      "integrity": "sha512-OVIkfO67ZEvX5INso/roClX7WISP4evIVS4lz95b2sKmkG4OAE+wbV2LVTv563v0kotU0j1TZWm/h7GbLQI3mg==",
      "requires": {
        "@nlpjs/core": "^4.21.1"
      }
    },
    "@nlpjs/lang-it": {
      "version": "4.21.1",
      "resolved": "https://registry.npmjs.org/@nlpjs/lang-it/-/lang-it-4.21.1.tgz",
      "integrity": "sha512-GSvYVKKJRIlykRoY2bcU0oachVubw7sGvpXU0zU5kAMDfTn/Db9xHnAK6HFpu2GKRRmAiYQ+r2t4boQ2kDZmhw==",
      "requires": {
        "@nlpjs/core": "^4.21.1"
      }
    },
    "@nlpjs/lang-ja": {
      "version": "4.21.1",
      "resolved": "https://registry.npmjs.org/@nlpjs/lang-ja/-/lang-ja-4.21.1.tgz",
      "integrity": "sha512-nPp+8hzCbyWl9HiZJmRaYrH84YV0yadzLlhyVjZKrz5EKi1nNt5U11BKVQt0YevA7OktIxRD/Ci02/lBHODEfg==",
      "requires": {
        "@nlpjs/core": "^4.21.1",
        "kuromoji": "^0.1.2"
      }
    },
    "@nlpjs/lang-ko": {
      "version": "4.21.1",
      "resolved": "https://registry.npmjs.org/@nlpjs/lang-ko/-/lang-ko-4.21.1.tgz",
      "integrity": "sha512-+7gO/U/K5zKi7MD1Jpt3RFuyV24LFmbSkGdgUnrT7EDnof9nr0V+D5B0PNlilAVllknWNhFVU8GWHPndBr1LUw==",
      "requires": {
        "@nlpjs/core": "^4.21.1"
      }
    },
    "@nlpjs/lang-lt": {
      "version": "4.21.1",
      "resolved": "https://registry.npmjs.org/@nlpjs/lang-lt/-/lang-lt-4.21.1.tgz",
      "integrity": "sha512-dYIEDL7yIQfyWfz4yOVbq2N4e9dl21KdLOWsDRHnbcT+Pl1pitt2jtLoeNj8GoAazNznbfiTZBZpvXwM5H8RPQ==",
      "requires": {
        "@nlpjs/core": "^4.21.1"
      }
    },
    "@nlpjs/lang-ms": {
      "version": "4.21.1",
      "resolved": "https://registry.npmjs.org/@nlpjs/lang-ms/-/lang-ms-4.21.1.tgz",
      "integrity": "sha512-8PWmJgV3zPpCnaA+KBgyRIZyy91SGAnDZFBP9bLY4OI6JODQMGLuzA+J3WqvLz7zIa210+tkTO904+UBTOHk7w==",
      "requires": {
        "@nlpjs/core": "^4.21.1",
        "@nlpjs/lang-id": "^4.21.1"
      }
    },
    "@nlpjs/lang-ne": {
      "version": "4.21.1",
      "resolved": "https://registry.npmjs.org/@nlpjs/lang-ne/-/lang-ne-4.21.1.tgz",
      "integrity": "sha512-JK6tlGyc/+thslaLIAt3C4ZLjhR7TxkvxSJZUKSatATIaRMNq//EzgoRd4+6uIuYgJaR7GGHD2q8LAN+ML6m9w==",
      "requires": {
        "@nlpjs/core": "^4.21.1"
      }
    },
    "@nlpjs/lang-nl": {
      "version": "4.21.1",
      "resolved": "https://registry.npmjs.org/@nlpjs/lang-nl/-/lang-nl-4.21.1.tgz",
      "integrity": "sha512-c6N9kywLe1+o+JNYsibAou2cCXF1WcQFk7v223lpba13bMV7Zv0/Gqy/Bf8VKkhMWccAHQtwWn8DpfVdryOpqQ==",
      "requires": {
        "@nlpjs/core": "^4.21.1"
      }
    },
    "@nlpjs/lang-no": {
      "version": "4.21.1",
      "resolved": "https://registry.npmjs.org/@nlpjs/lang-no/-/lang-no-4.21.1.tgz",
      "integrity": "sha512-SMfdZ6H77NyEThgXLyBf5IwzY9QQKVICtZcPewNpRzsbqe5p9GU1xnwwGaFSjtGb3y7icBa9oEjn2+KI8sIvfA==",
      "requires": {
        "@nlpjs/core": "^4.21.1"
      }
    },
    "@nlpjs/lang-pl": {
      "version": "4.21.1",
      "resolved": "https://registry.npmjs.org/@nlpjs/lang-pl/-/lang-pl-4.21.1.tgz",
      "integrity": "sha512-TfYsI5dkJ9R32v1UqlMZhDugWPiyo7i5s1w7K8CylVBMoY951sktxVw+tKJUujCFtBLrp6II8dBtha9rqxrqMQ==",
      "requires": {
        "@nlpjs/core": "^4.21.1"
      }
    },
    "@nlpjs/lang-pt": {
      "version": "4.21.1",
      "resolved": "https://registry.npmjs.org/@nlpjs/lang-pt/-/lang-pt-4.21.1.tgz",
      "integrity": "sha512-CXPlhHW3YmL3B203KR9XGYqXNtVg9vbliETbxZmRKRoCcCvBHj97Dt5CbS05PQCZqvG0Qj5RrvzLCY6wOeBpMQ==",
      "requires": {
        "@nlpjs/core": "^4.21.1"
      }
    },
    "@nlpjs/lang-ro": {
      "version": "4.21.1",
      "resolved": "https://registry.npmjs.org/@nlpjs/lang-ro/-/lang-ro-4.21.1.tgz",
      "integrity": "sha512-YGcPr0QZHumhXo31F6BscDAkEzSFsGazuy9XMLktPwvsX+4Vdj5OpRMBx7nwH5IxoNK+yzL36SuYjUSttZHzQA==",
      "requires": {
        "@nlpjs/core": "^4.21.1"
      }
    },
    "@nlpjs/lang-ru": {
      "version": "4.21.1",
      "resolved": "https://registry.npmjs.org/@nlpjs/lang-ru/-/lang-ru-4.21.1.tgz",
      "integrity": "sha512-6mTP2HtzQ77uIAYJngNcyZcTD5oPvftkxbLd/0WYWLOJrodE5KxNMUjCuNIRp5pe9ezkIB/bDbyh3d/3d37QEQ==",
      "requires": {
        "@nlpjs/core": "^4.21.1"
      }
    },
    "@nlpjs/lang-sl": {
      "version": "4.21.1",
      "resolved": "https://registry.npmjs.org/@nlpjs/lang-sl/-/lang-sl-4.21.1.tgz",
      "integrity": "sha512-uKMJ8MwibmwpAowQZmuV16J5fFdoHdzRRW/UlwucoDQ6TFg3IM4Sts83v3+K45t4D5EOwslkDli7L+B90W0JmA==",
      "requires": {
        "@nlpjs/core": "^4.21.1"
      }
    },
    "@nlpjs/lang-sr": {
      "version": "4.21.1",
      "resolved": "https://registry.npmjs.org/@nlpjs/lang-sr/-/lang-sr-4.21.1.tgz",
      "integrity": "sha512-fNWs6AkgTjdPlHaCfd8O5R83VG1OYZdi3mH+04zgXn24+/uq0bCUlOt7EDXy4Y5mF3c44Aj/nVd4pDUj1qnTnA==",
      "requires": {
        "@nlpjs/core": "^4.21.1"
      }
    },
    "@nlpjs/lang-sv": {
      "version": "4.21.1",
      "resolved": "https://registry.npmjs.org/@nlpjs/lang-sv/-/lang-sv-4.21.1.tgz",
      "integrity": "sha512-aPRDPI3wwYy27xEL0UEUUltfxTKYpmaRxDedmf7VO1MKqPk3dHuJ18dfH6clRPs8sh5dMNx3l9SXoaBwuLXgaA==",
      "requires": {
        "@nlpjs/core": "^4.21.1"
      }
    },
    "@nlpjs/lang-ta": {
      "version": "4.21.1",
      "resolved": "https://registry.npmjs.org/@nlpjs/lang-ta/-/lang-ta-4.21.1.tgz",
      "integrity": "sha512-nHNmPMvNljGjzVBBDkK5n3wTwJLuYRrKlIM8EWXHIWCZoNfxUlxmf1IhYfDc+c6o65U/S2lTpMntv1hSzMBQyw==",
      "requires": {
        "@nlpjs/core": "^4.21.1"
      }
    },
    "@nlpjs/lang-th": {
      "version": "4.21.1",
      "resolved": "https://registry.npmjs.org/@nlpjs/lang-th/-/lang-th-4.21.1.tgz",
      "integrity": "sha512-mkjP3xgYrSnlkcZKMecPVOulHHSVNRMM8OeT68HSviWRMavhyHLYrQCPAONdM3Ufv9dJs7H5uLACZ0uH5QgCEg==",
      "requires": {
        "@nlpjs/core": "^4.21.1"
      }
    },
    "@nlpjs/lang-tl": {
      "version": "4.21.1",
      "resolved": "https://registry.npmjs.org/@nlpjs/lang-tl/-/lang-tl-4.21.1.tgz",
      "integrity": "sha512-68r1eGlZ+om05jq9gHdBftzSV8zY4Fy4/IiqpnCdGK+d/5fqTuiv3cJitPVTkQbiTyycqoJRYKAEnWFkEJO4CQ==",
      "requires": {
        "@nlpjs/core": "^4.21.1"
      }
    },
    "@nlpjs/lang-tr": {
      "version": "4.21.1",
      "resolved": "https://registry.npmjs.org/@nlpjs/lang-tr/-/lang-tr-4.21.1.tgz",
      "integrity": "sha512-ptSCbpY6ueQL0ofFePxfGO5wJ+SF+kZrHx0RLn+Cip9ZKMaRwbb79E1WIxazhHFSdU2H+EHA1BDsdFdfuaMhFg==",
      "requires": {
        "@nlpjs/core": "^4.21.1"
      }
    },
    "@nlpjs/lang-uk": {
      "version": "4.21.1",
      "resolved": "https://registry.npmjs.org/@nlpjs/lang-uk/-/lang-uk-4.21.1.tgz",
      "integrity": "sha512-XZCn1xVlxf42+SYCEP4BDEoxbQGRlkd+hSZJsOfKxbEu3IeM8/9w3y7pi9bkYqP/1VvNCu+mJ2Dwipop8e67gA==",
      "requires": {
        "@nlpjs/core": "^4.21.1"
      }
    },
    "@nlpjs/lang-zh": {
      "version": "4.21.1",
      "resolved": "https://registry.npmjs.org/@nlpjs/lang-zh/-/lang-zh-4.21.1.tgz",
      "integrity": "sha512-sSDum2skYGi7ycy3ru79tGe+U1yosxO8lsuy8S2wXEpiNlRhAc8SKKWJOgNPTMkOa/LFvJKiHH5OObCmRl/4SQ==",
      "requires": {
        "@nlpjs/core": "^4.21.1"
      }
    },
    "@nlpjs/language": {
      "version": "4.21.1",
      "resolved": "https://registry.npmjs.org/@nlpjs/language/-/language-4.21.1.tgz",
      "integrity": "sha512-xaFhH3BhVePrq2n0jL9mp27tLbDs5m/w4Sq0nzCJz1/8r2Ha59FXSmdr9Y5/K6JZNqse6OLXSNxRdX9Mo8xKLQ=="
    },
    "@nlpjs/language-min": {
      "version": "4.21.1",
      "resolved": "https://registry.npmjs.org/@nlpjs/language-min/-/language-min-4.21.1.tgz",
      "integrity": "sha512-Xe2IrCmudtc1ytxOekNHWaUwVDOc5MeIiKycN0HN8jyxxmGV1gEAioVCAs7kTvnbTcy95tw/9wqRPwaC4uQHWg=="
    },
    "@nlpjs/ner": {
      "version": "4.21.1",
      "resolved": "https://registry.npmjs.org/@nlpjs/ner/-/ner-4.21.1.tgz",
      "integrity": "sha512-xwiAed4+PryQrMmqaJcs51XxcaBGoZbdVB/jxFFmg0qFsS79NMlGpBbsMiFrhGm5t4tFvwL1F1S/+9JlljRScw==",
      "requires": {
        "@nlpjs/core": "^4.21.1",
        "@nlpjs/language-min": "^4.21.1",
        "@nlpjs/similarity": "^4.21.1"
      }
    },
    "@nlpjs/neural": {
      "version": "4.21.1",
      "resolved": "https://registry.npmjs.org/@nlpjs/neural/-/neural-4.21.1.tgz",
      "integrity": "sha512-z3FgR775va3t0bI+RDpX+jC6ooDEEG8MZn4thV5I+hAHMUUYUKTdZQLp6DElKGIkachkmbO9skgRae7oQ8id0A=="
    },
    "@nlpjs/nlg": {
      "version": "4.21.1",
      "resolved": "https://registry.npmjs.org/@nlpjs/nlg/-/nlg-4.21.1.tgz",
      "integrity": "sha512-oTRi9v+nKcK3jdZ1m79xlwIxo0bb7/qJx1SqdNglsQj2oYRNQQdepHUM2w9XiNWn1UvETIq61AUwUoKg+B9nQw==",
      "requires": {
        "@nlpjs/core": "^4.21.1"
      }
    },
    "@nlpjs/nlp": {
      "version": "4.21.3",
      "resolved": "https://registry.npmjs.org/@nlpjs/nlp/-/nlp-4.21.3.tgz",
      "integrity": "sha512-tqXkoj+iBgC1FVt/XwqexBen9gioN3c9D89MrMs3G3Ig5fZPD2PEarY6KN/RMfzL0gWsurXQZbAs+R7sidD4Iw==",
      "requires": {
        "@nlpjs/core": "^4.21.1",
        "@nlpjs/ner": "^4.21.1",
        "@nlpjs/nlg": "^4.21.1",
        "@nlpjs/nlu": "^4.21.3",
        "@nlpjs/sentiment": "^4.21.1",
        "@nlpjs/slot": "^4.21.1"
      }
    },
    "@nlpjs/nlu": {
      "version": "4.21.3",
      "resolved": "https://registry.npmjs.org/@nlpjs/nlu/-/nlu-4.21.3.tgz",
      "integrity": "sha512-L19Gu3ZaICH6TGxYVObyXflQ+orS6tT6bMgDx6CywB5WghuW0DxKDrrSw4PG2sbqnj9M6WbemgzPI11x4XGY0Q==",
      "requires": {
        "@nlpjs/core": "^4.21.1",
        "@nlpjs/language-min": "^4.21.1",
        "@nlpjs/neural": "^4.21.1",
        "@nlpjs/similarity": "^4.21.1"
      }
    },
    "@nlpjs/request": {
      "version": "4.21.1",
      "resolved": "https://registry.npmjs.org/@nlpjs/request/-/request-4.21.1.tgz",
      "integrity": "sha512-yoJtWW0WCiFRFhUt9FRjigHY6nyzg4dnOarwqmx2NtHP73iP0qNfIlxY3uNokQlhfdliA364b9kIHRAIDFuu5w==",
      "requires": {
        "http-proxy-agent": "^4.0.1",
        "https-proxy-agent": "^5.0.0"
      }
    },
    "@nlpjs/sentiment": {
      "version": "4.21.1",
      "resolved": "https://registry.npmjs.org/@nlpjs/sentiment/-/sentiment-4.21.1.tgz",
      "integrity": "sha512-s965SUsvdBzq81UAmQCYVxam041GkFnfHgE+x2thCIvMuPms+MJxRNh34ErFunV03WNA+HrJk6uyTNneLRDfSA==",
      "requires": {
        "@nlpjs/core": "^4.21.1",
        "@nlpjs/language-min": "^4.21.1",
        "@nlpjs/neural": "^4.21.1"
      }
    },
    "@nlpjs/similarity": {
      "version": "4.21.1",
      "resolved": "https://registry.npmjs.org/@nlpjs/similarity/-/similarity-4.21.1.tgz",
      "integrity": "sha512-pfs52en3DfG6QSkoYJO3Lq8tq9eZ4s8usyFx3nk9sKOWhg13tGqMrFpDJMnjpdgyY8ZEzOW8YSc5HXihzw7drQ=="
    },
    "@nlpjs/slot": {
      "version": "4.21.1",
      "resolved": "https://registry.npmjs.org/@nlpjs/slot/-/slot-4.21.1.tgz",
      "integrity": "sha512-+PVNFuywvj/8YzC4K0eVVZK2MWmjeqebJxyyNxXIxllf41f2a05sio8CF75nq+HwwH/KMc0jyFZVdiucFnkTpQ=="
    },
    "@nlpjs/xtables": {
      "version": "4.21.1",
      "resolved": "https://registry.npmjs.org/@nlpjs/xtables/-/xtables-4.21.1.tgz",
      "integrity": "sha512-jpKqM7UkTYmywBYNTskTwU1UJyYQQWmfjw/Hzrwcv/9soe3R5cwU16PVsGQQIfljqXF6Ship3dJGfl5UKxnvIw==",
      "requires": {
        "xlsx": "^0.16.2"
      }
    },
    "@tootallnate/once": {
      "version": "1.1.2",
      "resolved": "https://registry.npmjs.org/@tootallnate/once/-/once-1.1.2.tgz",
      "integrity": "sha512-RbzJvlNzmRq5c3O09UipeuXno4tA1FE6ikOjxZK0tuxVv3412l64l5t1W5pj4+rJq9vpkm/kwiR07aZXnsKPxw=="
    },
    "adler-32": {
      "version": "1.2.0",
      "resolved": "https://registry.npmjs.org/adler-32/-/adler-32-1.2.0.tgz",
      "integrity": "sha1-aj5r8KY5ALoVZSgIyxXGgT0aXyU=",
      "requires": {
        "exit-on-epipe": "~1.0.1",
        "printj": "~1.1.0"
      }
    },
    "agent-base": {
      "version": "6.0.2",
      "resolved": "https://registry.npmjs.org/agent-base/-/agent-base-6.0.2.tgz",
      "integrity": "sha512-RZNwNclF7+MS/8bDg70amg32dyeZGZxiDuQmZxKLAlQjr3jGyLx+4Kkk58UO7D2QdgFIQCovuSuZESne6RG6XQ==",
      "requires": {
        "debug": "4"
      }
    },
    "async": {
      "version": "2.6.3",
      "resolved": "https://registry.npmjs.org/async/-/async-2.6.3.tgz",
      "integrity": "sha512-zflvls11DCy+dQWzTW2dzuilv8Z5X/pjfmZOWba6TNIVDm+2UDaJmXSOXlasHKfNBs8oo3M0aT50fDEWfKZjXg==",
      "requires": {
        "lodash": "^4.17.14"
      }
    },
    "bignumber.js": {
      "version": "7.2.1",
      "resolved": "https://registry.npmjs.org/bignumber.js/-/bignumber.js-7.2.1.tgz",
      "integrity": "sha512-S4XzBk5sMB+Rcb/LNcpzXr57VRTxgAvaAEDAl1AwRx27j00hT84O6OkteE7u8UB3NuaaygCRrEpqox4uDOrbdQ=="
    },
    "cfb": {
      "version": "1.2.0",
      "resolved": "https://registry.npmjs.org/cfb/-/cfb-1.2.0.tgz",
      "integrity": "sha512-sXMvHsKCICVR3Naq+J556K+ExBo9n50iKl6LGarlnvuA2035uMlGA/qVrc0wQtow5P1vJEw9UyrKLCbtIKz+TQ==",
      "requires": {
        "adler-32": "~1.2.0",
        "crc-32": "~1.2.0",
        "printj": "~1.1.2"
      }
    },
    "codepage": {
      "version": "1.14.0",
      "resolved": "https://registry.npmjs.org/codepage/-/codepage-1.14.0.tgz",
      "integrity": "sha1-jL4lSBMjVZ19MHVxsP/5HnodL5k=",
      "requires": {
        "commander": "~2.14.1",
        "exit-on-epipe": "~1.0.1"
      },
      "dependencies": {
        "commander": {
          "version": "2.14.1",
          "resolved": "https://registry.npmjs.org/commander/-/commander-2.14.1.tgz",
          "integrity": "sha512-+YR16o3rK53SmWHU3rEM3tPAh2rwb1yPcQX5irVn7mb0gXbwuCCrnkbV5+PBfETdfg1vui07nM6PCG1zndcjQw=="
        }
      }
    },
    "commander": {
      "version": "2.17.1",
      "resolved": "https://registry.npmjs.org/commander/-/commander-2.17.1.tgz",
      "integrity": "sha512-wPMUt6FnH2yzG95SA6mzjQOEKUU3aLaDEmzs1ti+1E9h+CsrZghRlqEM/EJ4KscsQVG8uNN4uVreUeT8+drlgg=="
    },
    "crc-32": {
      "version": "1.2.0",
      "resolved": "https://registry.npmjs.org/crc-32/-/crc-32-1.2.0.tgz",
      "integrity": "sha512-1uBwHxF+Y/4yF5G48fwnKq6QsIXheor3ZLPT80yGBV1oEUwpPojlEhQbWKVw1VwcTQyMGHK1/XMmTjmlsmTTGA==",
      "requires": {
        "exit-on-epipe": "~1.0.1",
        "printj": "~1.1.0"
      }
    },
    "debug": {
      "version": "4.3.1",
      "resolved": "https://registry.npmjs.org/debug/-/debug-4.3.1.tgz",
      "integrity": "sha512-doEwdvm4PCeK4K3RQN2ZC2BYUBaxwLARCqZmMjtF8a51J2Rb0xpVloFRnCODwqjpwnAoao4pelN8l3RJdv3gRQ==",
      "requires": {
        "ms": "2.1.2"
      }
    },
    "deep-is": {
      "version": "0.1.3",
      "resolved": "https://registry.npmjs.org/deep-is/-/deep-is-0.1.3.tgz",
      "integrity": "sha1-s2nW+128E+7PUk+RsHD+7cNXzzQ="
    },
    "doublearray": {
      "version": "0.0.2",
      "resolved": "https://registry.npmjs.org/doublearray/-/doublearray-0.0.2.tgz",
      "integrity": "sha1-Yxhv6NNEEydtNiH2qg7F954ifvk="
    },
    "escodegen": {
      "version": "2.0.0",
      "resolved": "https://registry.npmjs.org/escodegen/-/escodegen-2.0.0.tgz",
      "integrity": "sha512-mmHKys/C8BFUGI+MAWNcSYoORYLMdPzjrknd2Vc+bUsjN5bXcr8EhrNB+UTqfL1y3I9c4fw2ihgtMPQLBRiQxw==",
      "requires": {
        "esprima": "^4.0.1",
        "estraverse": "^5.2.0",
        "esutils": "^2.0.2",
        "optionator": "^0.8.1",
        "source-map": "~0.6.1"
      }
    },
    "esprima": {
      "version": "4.0.1",
      "resolved": "https://registry.npmjs.org/esprima/-/esprima-4.0.1.tgz",
      "integrity": "sha512-eGuFFw7Upda+g4p+QHvnW0RyTX/SVeJBDM/gCtMARO0cLuT2HcEKnTPvhjV6aGeqrCB/sbNop0Kszm0jsaWU4A=="
    },
    "estraverse": {
      "version": "5.2.0",
      "resolved": "https://registry.npmjs.org/estraverse/-/estraverse-5.2.0.tgz",
      "integrity": "sha512-BxbNGGNm0RyRYvUdHpIwv9IWzeM9XClbOxwoATuFdOE7ZE6wHL+HQ5T8hoPM+zHvmKzzsEqhgy0GrQ5X13afiQ=="
    },
    "esutils": {
      "version": "2.0.3",
      "resolved": "https://registry.npmjs.org/esutils/-/esutils-2.0.3.tgz",
      "integrity": "sha512-kVscqXk4OCp68SZ0dkgEKVi6/8ij300KBWTJq32P/dYeWTSwK41WyTxalN1eRmA5Z9UU/LX9D7FWSmV9SAYx6g=="
    },
    "exit-on-epipe": {
      "version": "1.0.1",
      "resolved": "https://registry.npmjs.org/exit-on-epipe/-/exit-on-epipe-1.0.1.tgz",
      "integrity": "sha512-h2z5mrROTxce56S+pnvAV890uu7ls7f1kEvVGJbw1OlFH3/mlJ5bkXu0KRyW94v37zzHPiUd55iLn3DA7TjWpw=="
    },
    "fast-levenshtein": {
      "version": "2.0.6",
      "resolved": "https://registry.npmjs.org/fast-levenshtein/-/fast-levenshtein-2.0.6.tgz",
      "integrity": "sha1-PYpcZog6FqMMqGQ+hR8Zuqd5eRc="
    },
    "fflate": {
      "version": "0.3.11",
      "resolved": "https://registry.npmjs.org/fflate/-/fflate-0.3.11.tgz",
      "integrity": "sha512-Rr5QlUeGN1mbOHlaqcSYMKVpPbgLy0AWT/W0EHxA6NGI12yO1jpoui2zBBvU2G824ltM6Ut8BFgfHSBGfkmS0A=="
    },
    "frac": {
      "version": "1.1.2",
      "resolved": "https://registry.npmjs.org/frac/-/frac-1.1.2.tgz",
      "integrity": "sha512-w/XBfkibaTl3YDqASwfDUqkna4Z2p9cFSr1aHDt0WoMTECnRfBOv2WArlZILlqgWlmdIlALXGpM2AOhEk5W3IA=="
    },
    "grapheme-splitter": {
      "version": "1.0.4",
      "resolved": "https://registry.npmjs.org/grapheme-splitter/-/grapheme-splitter-1.0.4.tgz",
      "integrity": "sha512-bzh50DW9kTPM00T8y4o8vQg89Di9oLJVLW/KaOGIXJWP/iqCN6WKYkbNOF04vFLJhwcpYUh9ydh/+5vpOqV4YQ=="
    },
    "http-proxy-agent": {
      "version": "4.0.1",
      "resolved": "https://registry.npmjs.org/http-proxy-agent/-/http-proxy-agent-4.0.1.tgz",
      "integrity": "sha512-k0zdNgqWTGA6aeIRVpvfVob4fL52dTfaehylg0Y4UvSySvOq/Y+BOyPrgpUrA7HylqvU8vIZGsRuXmspskV0Tg==",
      "requires": {
        "@tootallnate/once": "1",
        "agent-base": "6",
        "debug": "4"
      }
    },
    "https-proxy-agent": {
      "version": "5.0.0",
      "resolved": "https://registry.npmjs.org/https-proxy-agent/-/https-proxy-agent-5.0.0.tgz",
      "integrity": "sha512-EkYm5BcKUGiduxzSt3Eppko+PiNWNEpa4ySk9vTC6wDsQJW9rHSa+UhGNJoRYp7bz6Ht1eaRIa6QaJqO5rCFbA==",
      "requires": {
        "agent-base": "6",
        "debug": "4"
      }
    },
    "kuromoji": {
      "version": "0.1.2",
      "resolved": "https://registry.npmjs.org/kuromoji/-/kuromoji-0.1.2.tgz",
      "integrity": "sha512-V0dUf+C2LpcPEXhoHLMAop/bOht16Dyr+mDiIE39yX3vqau7p80De/koFqpiTcL1zzdZlc3xuHZ8u5gjYRfFaQ==",
      "requires": {
        "async": "^2.0.1",
        "doublearray": "0.0.2",
        "zlibjs": "^0.3.1"
      }
    },
    "levn": {
      "version": "0.3.0",
      "resolved": "https://registry.npmjs.org/levn/-/levn-0.3.0.tgz",
      "integrity": "sha1-OwmSTt+fCDwEkP3UwLxEIeBHZO4=",
      "requires": {
        "prelude-ls": "~1.1.2",
        "type-check": "~0.3.2"
      }
    },
    "lodash": {
      "version": "4.17.21",
      "resolved": "https://registry.npmjs.org/lodash/-/lodash-4.17.21.tgz",
      "integrity": "sha512-v2kDEe57lecTulaDIuNTPy3Ry4gLGJ6Z1O3vE1krgXZNrsQ+LFTGHVxVjcXPs17LhbZVGedAJv8XZ1tvj5FvSg=="
    },
    "lodash.escaperegexp": {
      "version": "4.1.2",
      "resolved": "https://registry.npmjs.org/lodash.escaperegexp/-/lodash.escaperegexp-4.1.2.tgz",
      "integrity": "sha1-ZHYsSGGAglGKw99Mz11YhtriA0c="
    },
    "lodash.isequal": {
      "version": "4.5.0",
      "resolved": "https://registry.npmjs.org/lodash.isequal/-/lodash.isequal-4.5.0.tgz",
      "integrity": "sha1-QVxEePK8wwEgwizhDtMib30+GOA="
    },
    "lodash.last": {
      "version": "3.0.0",
      "resolved": "https://registry.npmjs.org/lodash.last/-/lodash.last-3.0.0.tgz",
      "integrity": "sha1-JC9mMRLdTG5jcoxgo8kJ0b2tvUw="
    },
    "lodash.max": {
      "version": "4.0.1",
      "resolved": "https://registry.npmjs.org/lodash.max/-/lodash.max-4.0.1.tgz",
      "integrity": "sha1-hzVWbGGLNan3YFILSHrnllivE2o="
    },
    "lodash.sortby": {
      "version": "4.7.0",
      "resolved": "https://registry.npmjs.org/lodash.sortby/-/lodash.sortby-4.7.0.tgz",
      "integrity": "sha1-7dFMgk4sycHgsKG0K7UhBRakJDg="
    },
    "lodash.tonumber": {
      "version": "4.0.3",
      "resolved": "https://registry.npmjs.org/lodash.tonumber/-/lodash.tonumber-4.0.3.tgz",
      "integrity": "sha1-C5azGzVnJ5Prf1pj7nkfG56QJdk="
    },
    "lodash.trimend": {
      "version": "4.5.1",
      "resolved": "https://registry.npmjs.org/lodash.trimend/-/lodash.trimend-4.5.1.tgz",
      "integrity": "sha1-EoBENyhrmMrYmWt5QU4RMAEUCC8="
    },
    "ms": {
      "version": "2.1.2",
      "resolved": "https://registry.npmjs.org/ms/-/ms-2.1.2.tgz",
      "integrity": "sha512-sGkPx+VjMtmA6MX27oA4FBFELFCZZ4S4XqeGOXCv68tT+jb3vk/RyaKWP0PTKyWtmLSM0b+adUTEvbs1PEaH2w=="
    },
    "node-nlp": {
      "version": "4.21.3",
      "resolved": "https://registry.npmjs.org/node-nlp/-/node-nlp-4.21.3.tgz",
      "integrity": "sha512-K2FpkQk1qNFK2IZ6iP8JwIPtV2Ecr45mgkgUj8uWaNJxpSme8gMQ7QqHNiDK3Kc0xNDv9LJguNhjWyhszV3NlQ==",
      "requires": {
        "@nlpjs/builtin-duckling": "^4.21.1",
        "@nlpjs/builtin-microsoft": "^4.21.1",
        "@nlpjs/core-loader": "^4.21.2",
        "@nlpjs/emoji": "^4.21.1",
        "@nlpjs/evaluator": "^4.21.1",
        "@nlpjs/lang-all": "^4.21.1",
        "@nlpjs/language": "^4.21.1",
        "@nlpjs/neural": "^4.21.1",
        "@nlpjs/nlg": "^4.21.1",
        "@nlpjs/nlp": "^4.21.3",
        "@nlpjs/nlu": "^4.21.3",
        "@nlpjs/request": "^4.21.1",
        "@nlpjs/sentiment": "^4.21.1",
        "@nlpjs/similarity": "^4.21.1",
        "@nlpjs/xtables": "^4.21.1"
      }
    },
    "optionator": {
      "version": "0.8.3",
      "resolved": "https://registry.npmjs.org/optionator/-/optionator-0.8.3.tgz",
      "integrity": "sha512-+IW9pACdk3XWmmTXG8m3upGUJst5XRGzxMRjXzAuJ1XnIFNvfhjjIuYkDvysnPQ7qzqVzLt78BCruntqRhWQbA==",
      "requires": {
        "deep-is": "~0.1.3",
        "fast-levenshtein": "~2.0.6",
        "levn": "~0.3.0",
        "prelude-ls": "~1.1.2",
        "type-check": "~0.3.2",
        "word-wrap": "~1.2.3"
      }
    },
    "prelude-ls": {
      "version": "1.1.2",
      "resolved": "https://registry.npmjs.org/prelude-ls/-/prelude-ls-1.1.2.tgz",
      "integrity": "sha1-IZMqVJ9eUv/ZqCf1cOBL5iqX2lQ="
    },
    "printj": {
      "version": "1.1.2",
      "resolved": "https://registry.npmjs.org/printj/-/printj-1.1.2.tgz",
      "integrity": "sha512-zA2SmoLaxZyArQTOPj5LXecR+RagfPSU5Kw1qP+jkWeNlrq+eJZyY2oS68SU1Z/7/myXM4lo9716laOFAVStCQ=="
    },
    "source-map": {
      "version": "0.6.1",
      "resolved": "https://registry.npmjs.org/source-map/-/source-map-0.6.1.tgz",
      "integrity": "sha512-UjgapumWlbMhkBgzT7Ykc5YXUT46F0iKu8SGXq0bcwP5dz/h0Plj6enJqjz1Zbq2l5WaqYnrVbwWOWMyF3F47g==",
      "optional": true
    },
    "ssf": {
      "version": "0.11.2",
      "resolved": "https://registry.npmjs.org/ssf/-/ssf-0.11.2.tgz",
      "integrity": "sha512-+idbmIXoYET47hH+d7dfm2epdOMUDjqcB4648sTZ+t2JwoyBFL/insLfB/racrDmsKB3diwsDA696pZMieAC5g==",
      "requires": {
        "frac": "~1.1.2"
      }
    },
    "type-check": {
      "version": "0.3.2",
      "resolved": "https://registry.npmjs.org/type-check/-/type-check-0.3.2.tgz",
      "integrity": "sha1-WITKtRLPHTVeP7eE8wgEsrUg23I=",
      "requires": {
        "prelude-ls": "~1.1.2"
      }
    },
    "wmf": {
      "version": "1.0.2",
      "resolved": "https://registry.npmjs.org/wmf/-/wmf-1.0.2.tgz",
      "integrity": "sha512-/p9K7bEh0Dj6WbXg4JG0xvLQmIadrner1bi45VMJTfnbVHsc7yIajZyoSoK60/dtVBs12Fm6WkUI5/3WAVsNMw=="
    },
    "word": {
      "version": "0.3.0",
      "resolved": "https://registry.npmjs.org/word/-/word-0.3.0.tgz",
      "integrity": "sha512-OELeY0Q61OXpdUfTp+oweA/vtLVg5VDOXh+3he3PNzLGG/y0oylSOC1xRVj0+l4vQ3tj/bB1HVHv1ocXkQceFA=="
    },
    "word-wrap": {
      "version": "1.2.3",
      "resolved": "https://registry.npmjs.org/word-wrap/-/word-wrap-1.2.3.tgz",
      "integrity": "sha512-Hz/mrNwitNRh/HUAtM/VT/5VH+ygD6DV7mYKZAtHOrbs8U7lvPS6xf7EJKMF0uW1KJCl0H701g3ZGus+muE5vQ=="
    },
    "xlsx": {
      "version": "0.16.9",
      "resolved": "https://registry.npmjs.org/xlsx/-/xlsx-0.16.9.tgz",
      "integrity": "sha512-gxi1I3EasYvgCX1vN9pGyq920Ron4NO8PNfhuoA3Hpq6Y8f0ECXiy4OLrK4QZBnj1jx3QD+8Fq5YZ/3mPZ5iXw==",
      "requires": {
        "adler-32": "~1.2.0",
        "cfb": "^1.1.4",
        "codepage": "~1.14.0",
        "commander": "~2.17.1",
        "crc-32": "~1.2.0",
        "exit-on-epipe": "~1.0.1",
        "fflate": "^0.3.8",
        "ssf": "~0.11.2",
        "wmf": "~1.0.1",
        "word": "~0.3.0"
      }
    },
    "zlibjs": {
      "version": "0.3.1",
      "resolved": "https://registry.npmjs.org/zlibjs/-/zlibjs-0.3.1.tgz",
      "integrity": "sha1-UBl+2yihxCymWcyLTmqd3W1ERVQ="
    }
  }
}
